
Microsoft Visual Studio Solution File, Format Version 12.00
# Visual Studio Version 17
VisualStudioVersion = 17.2.32317.152
MinimumVisualStudioVersion = 10.0.40219.1
Project("{9A19103F-16F7-4668-BE54-9A1E7A4F7556}") = "DemoComSink", "DemoComSink\DemoComSink.csproj", "{B49CDAD6-791E-4114-8F2C-67BE26197F1A}"
EndProject
Project("{FAE04EC0-301F-11D3-BF4B-00C04F79EFBC}") = "DemoSink.TestConsole", "DemoSink.TestConsole\DemoSink.TestConsole.csproj", "{7C74EB30-8D71-44F9-B5F6-52B0F3B75DDB}"
EndProject
Project("{FAE04EC0-301F-11D3-BF4B-00C04F79EFBC}") = "DemoComSink.ComContracts", "DemoComSink.ComContracts\DemoComSink.ComContracts.csproj", "{AF7EC452-FFE7-444E-A72A-C3976DCE8853}"
EndProject
Project("{2150E333-8FDC-42A3-9474-1A3956D46DE8}") = "Solution Items", "Solution Items", "{B096F90F-7133-4D5F-9193-7CA9A5131953}"
	ProjectSection(SolutionItems) = preProject
		README.md = README.md
	EndProjectSection
EndProject
Global
	GlobalSection(SolutionConfigurationPlatforms) = preSolution
		Debug|Any CPU = Debug|Any CPU
		Release|Any CPU = Release|Any CPU
	EndGlobalSection
	GlobalSection(ProjectConfigurationPlatforms) = postSolution
		{B49CDAD6-791E-4114-8F2C-67BE26197F1A}.Debug|Any CPU.ActiveCfg = Debug|Any CPU
		{B49CDAD6-791E-4114-8F2C-67BE26197F1A}.Debug|Any CPU.Build.0 = Debug|Any CPU
		{B49CDAD6-791E-4114-8F2C-67BE26197F1A}.Release|Any CPU.ActiveCfg = Release|Any CPU
		{B49CDAD6-791E-4114-8F2C-67BE26197F1A}.Release|Any CPU.Build.0 = Release|Any CPU
		{7C74EB30-8D71-44F9-B5F6-52B0F3B75DDB}.Debug|Any CPU.ActiveCfg = Debug|Any CPU
		{7C74EB30-8D71-44F9-B5F6-52B0F3B75DDB}.Debug|Any CPU.Build.0 = Debug|Any CPU
		{7C74EB30-8D71-44F9-B5F6-52B0F3B75DDB}.Release|Any CPU.ActiveCfg = Release|Any CPU
		{7C74EB30-8D71-44F9-B5F6-52B0F3B75DDB}.Release|Any CPU.Build.0 = Release|Any CPU
		{AF7EC452-FFE7-444E-A72A-C3976DCE8853}.Debug|Any CPU.ActiveCfg = Debug|Any CPU
		{AF7EC452-FFE7-444E-A72A-C3976DCE8853}.Debug|Any CPU.Build.0 = Debug|Any CPU
		{AF7EC452-FFE7-444E-A72A-C3976DCE8853}.Release|Any CPU.ActiveCfg = Release|Any CPU
		{AF7EC452-FFE7-444E-A72A-C3976DCE8853}.Release|Any CPU.Build.0 = Release|Any CPU
	EndGlobalSection
	GlobalSection(SolutionProperties) = preSolution
		HideSolutionNode = FALSE
	EndGlobalSection
	GlobalSection(ExtensibilityGlobals) = postSolution
		SolutionGuid = {A7B963D5-9615-4DE8-9681-71EC5F4DD39C}
	EndGlobalSection
EndGlobal
